
Microsoft Visual Studio Solution File, Format Version 12.00
# Visual Studio Version 17
VisualStudioVersion = 17.4.33213.308
MinimumVisualStudioVersion = 10.0.40219.1
Project("{FAE04EC0-301F-11D3-BF4B-00C04F79EFBC}") = "TablaMultiplicar", "TablaMultiplicar\TablaMultiplicar.csproj", "{C28423D7-D9A7-4FE3-97CB-D357B9A92B01}"
EndProject
Global
	GlobalSection(SolutionConfigurationPlatforms) = preSolution
		Debug|Any CPU = Debug|Any CPU
		Release|Any CPU = Release|Any CPU
	EndGlobalSection
	GlobalSection(ProjectConfigurationPlatforms) = postSolution
		{C28423D7-D9A7-4FE3-97CB-D357B9A92B01}.Debug|Any CPU.ActiveCfg = Debug|Any CPU
		{C28423D7-D9A7-4FE3-97CB-D357B9A92B01}.Debug|Any CPU.Build.0 = Debug|Any CPU
		{C28423D7-D9A7-4FE3-97CB-D357B9A92B01}.Release|Any CPU.ActiveCfg = Release|Any CPU
		{C28423D7-D9A7-4FE3-97CB-D357B9A92B01}.Release|Any CPU.Build.0 = Release|Any CPU
	EndGlobalSection
	GlobalSection(SolutionProperties) = preSolution
		HideSolutionNode = FALSE
	EndGlobalSection
	GlobalSection(ExtensibilityGlobals) = postSolution
		SolutionGuid = {B6548919-BFDA-4676-A064-ECBA7109375C}
	EndGlobalSection
EndGlobal
