
Microsoft Visual Studio Solution File, Format Version 12.00
# Visual Studio Version 17
VisualStudioVersion = 17.5.33530.505
MinimumVisualStudioVersion = 10.0.40219.1
Project("{FAE04EC0-301F-11D3-BF4B-00C04F79EFBC}") = "Ventas", "Ventas\Ventas.csproj", "{31DA9871-2912-4E84-A9F8-1A79CE07322B}"
EndProject
Global
	GlobalSection(SolutionConfigurationPlatforms) = preSolution
		Debug|Any CPU = Debug|Any CPU
		Release|Any CPU = Release|Any CPU
	EndGlobalSection
	GlobalSection(ProjectConfigurationPlatforms) = postSolution
		{31DA9871-2912-4E84-A9F8-1A79CE07322B}.Debug|Any CPU.ActiveCfg = Debug|Any CPU
		{31DA9871-2912-4E84-A9F8-1A79CE07322B}.Debug|Any CPU.Build.0 = Debug|Any CPU
		{31DA9871-2912-4E84-A9F8-1A79CE07322B}.Release|Any CPU.ActiveCfg = Release|Any CPU
		{31DA9871-2912-4E84-A9F8-1A79CE07322B}.Release|Any CPU.Build.0 = Release|Any CPU
	EndGlobalSection
	GlobalSection(SolutionProperties) = preSolution
		HideSolutionNode = FALSE
	EndGlobalSection
	GlobalSection(ExtensibilityGlobals) = postSolution
		SolutionGuid = {CC8B6852-4FE9-4184-9A76-1030474662CC}
	EndGlobalSection
EndGlobal
